// !$*UTF8*$!
{
	archiveVersion = 1;
	classes = {
	};
	objectVersion = 46;
	objects = {

/* Begin PBXBuildFile section */
		43BBE8241756EDBC00DDCF70 /* UIKit.framework in Frameworks */ = {isa = PBXBuildFile; fileRef = 43BBE8231756EDBC00DDCF70 /* UIKit.framework */; };
		43BBE8261756EDBC00DDCF70 /* Foundation.framework in Frameworks */ = {isa = PBXBuildFile; fileRef = 43BBE8251756EDBC00DDCF70 /* Foundation.framework */; };
		43BBE8281756EDBC00DDCF70 /* CoreGraphics.framework in Frameworks */ = {isa = PBXBuildFile; fileRef = 43BBE8271756EDBC00DDCF70 /* CoreGraphics.framework */; };
		43BBE82E1756EDBC00DDCF70 /* InfoPlist.strings in Resources */ = {isa = PBXBuildFile; fileRef = 43BBE82C1756EDBC00DDCF70 /* InfoPlist.strings */; };
		43BBE8301756EDBC00DDCF70 /* main.m in Sources */ = {isa = PBXBuildFile; fileRef = 43BBE82F1756EDBC00DDCF70 /* main.m */; };
		43BBE8341756EDBC00DDCF70 /* AppDelegate.m in Sources */ = {isa = PBXBuildFile; fileRef = 43BBE8331756EDBC00DDCF70 /* AppDelegate.m */; };
		43BBE8361756EDBC00DDCF70 /* Default.png in Resources */ = {isa = PBXBuildFile; fileRef = 43BBE8351756EDBC00DDCF70 /* Default.png */; };
		43BBE8381756EDBC00DDCF70 /* Default@2x.png in Resources */ = {isa = PBXBuildFile; fileRef = 43BBE8371756EDBC00DDCF70 /* Default@2x.png */; };
		43BBE83A1756EDBC00DDCF70 /* Default-568h@2x.png in Resources */ = {isa = PBXBuildFile; fileRef = 43BBE8391756EDBC00DDCF70 /* Default-568h@2x.png */; };
		43BBE83D1756EDBC00DDCF70 /* MainStoryboard.storyboard in Resources */ = {isa = PBXBuildFile; fileRef = 43BBE83B1756EDBC00DDCF70 /* MainStoryboard.storyboard */; };
		43BBE8481756EEA100DDCF70 /* WireViewController.m in Sources */ = {isa = PBXBuildFile; fileRef = 43BBE8471756EEA100DDCF70 /* WireViewController.m */; };
		43BBE84B1757038E00DDCF70 /* FirstWireViewController.m in Sources */ = {isa = PBXBuildFile; fileRef = 43BBE84A1757038E00DDCF70 /* FirstWireViewController.m */; };
		43BBE8541757137E00DDCF70 /* WiresFetcher.m in Sources */ = {isa = PBXBuildFile; fileRef = 43BBE8531757137E00DDCF70 /* WiresFetcher.m */; };
		43BBE8591759B40F00DDCF70 /* wire_active_2x.png in Resources */ = {isa = PBXBuildFile; fileRef = 43BBE8581759B40F00DDCF70 /* wire_active_2x.png */; };
		43BBE85F1759BB2400DDCF70 /* mainNavController.m in Sources */ = {isa = PBXBuildFile; fileRef = 43BBE85E1759BB2400DDCF70 /* mainNavController.m */; };
		43BBE865175DA12700DDCF70 /* ProfileViewController.m in Sources */ = {isa = PBXBuildFile; fileRef = 43BBE864175DA12700DDCF70 /* ProfileViewController.m */; };
		43BBE867175DA82C00DDCF70 /* profile_icon.png in Resources */ = {isa = PBXBuildFile; fileRef = 43BBE866175DA82C00DDCF70 /* profile_icon.png */; };
		43BBE86B1766901900DDCF70 /* composeWire.png in Resources */ = {isa = PBXBuildFile; fileRef = 43BBE86A1766901900DDCF70 /* composeWire.png */; };
		DE12AD64177506230078672C /* Zuwire.xcdatamodeld in Sources */ = {isa = PBXBuildFile; fileRef = DE12AD62177506230078672C /* Zuwire.xcdatamodeld */; };
		DE12AD6A1775085F0078672C /* Wire+Create.m in Sources */ = {isa = PBXBuildFile; fileRef = DE12AD691775085F0078672C /* Wire+Create.m */; };
		DE12AD6D177515010078672C /* CoreDataTableViewController.m in Sources */ = {isa = PBXBuildFile; fileRef = DE12AD6C177515010078672C /* CoreDataTableViewController.m */; };
		DE12AD70177515890078672C /* WireCDTVC.m in Sources */ = {isa = PBXBuildFile; fileRef = DE12AD6F177515890078672C /* WireCDTVC.m */; };
		DE12AD73177519560078672C /* LatestWireCDTVC.m in Sources */ = {isa = PBXBuildFile; fileRef = DE12AD72177519560078672C /* LatestWireCDTVC.m */; };
		DE12AD7517751EBB0078672C /* CoreData.framework in Frameworks */ = {isa = PBXBuildFile; fileRef = DE12AD7417751EBB0078672C /* CoreData.framework */; };
		DE12AD78177521980078672C /* Wire.m in Sources */ = {isa = PBXBuildFile; fileRef = DE12AD77177521970078672C /* Wire.m */; };
/* End PBXBuildFile section */

/* Begin PBXFileReference section */
		43BBE8201756EDBC00DDCF70 /* ZuwireApp.app */ = {isa = PBXFileReference; explicitFileType = wrapper.application; includeInIndex = 0; path = ZuwireApp.app; sourceTree = BUILT_PRODUCTS_DIR; };
		43BBE8231756EDBC00DDCF70 /* UIKit.framework */ = {isa = PBXFileReference; lastKnownFileType = wrapper.framework; name = UIKit.framework; path = System/Library/Frameworks/UIKit.framework; sourceTree = SDKROOT; };
		43BBE8251756EDBC00DDCF70 /* Foundation.framework */ = {isa = PBXFileReference; lastKnownFileType = wrapper.framework; name = Foundation.framework; path = System/Library/Frameworks/Foundation.framework; sourceTree = SDKROOT; };
		43BBE8271756EDBC00DDCF70 /* CoreGraphics.framework */ = {isa = PBXFileReference; lastKnownFileType = wrapper.framework; name = CoreGraphics.framework; path = System/Library/Frameworks/CoreGraphics.framework; sourceTree = SDKROOT; };
		43BBE82B1756EDBC00DDCF70 /* ZuwireApp-Info.plist */ = {isa = PBXFileReference; lastKnownFileType = text.plist.xml; path = "ZuwireApp-Info.plist"; sourceTree = "<group>"; };
		43BBE82D1756EDBC00DDCF70 /* en */ = {isa = PBXFileReference; lastKnownFileType = text.plist.strings; name = en; path = en.lproj/InfoPlist.strings; sourceTree = "<group>"; };
		43BBE82F1756EDBC00DDCF70 /* main.m */ = {isa = PBXFileReference; lastKnownFileType = sourcecode.c.objc; path = main.m; sourceTree = "<group>"; };
		43BBE8311756EDBC00DDCF70 /* ZuwireApp-Prefix.pch */ = {isa = PBXFileReference; lastKnownFileType = sourcecode.c.h; path = "ZuwireApp-Prefix.pch"; sourceTree = "<group>"; };
		43BBE8321756EDBC00DDCF70 /* AppDelegate.h */ = {isa = PBXFileReference; lastKnownFileType = sourcecode.c.h; path = AppDelegate.h; sourceTree = "<group>"; };
		43BBE8331756EDBC00DDCF70 /* AppDelegate.m */ = {isa = PBXFileReference; lastKnownFileType = sourcecode.c.objc; path = AppDelegate.m; sourceTree = "<group>"; };
		43BBE8351756EDBC00DDCF70 /* Default.png */ = {isa = PBXFileReference; lastKnownFileType = image.png; path = Default.png; sourceTree = "<group>"; };
		43BBE8371756EDBC00DDCF70 /* Default@2x.png */ = {isa = PBXFileReference; lastKnownFileType = image.png; path = "Default@2x.png"; sourceTree = "<group>"; };
		43BBE8391756EDBC00DDCF70 /* Default-568h@2x.png */ = {isa = PBXFileReference; lastKnownFileType = image.png; path = "Default-568h@2x.png"; sourceTree = "<group>"; };
		43BBE83C1756EDBC00DDCF70 /* en */ = {isa = PBXFileReference; lastKnownFileType = file.storyboard; name = en; path = en.lproj/MainStoryboard.storyboard; sourceTree = "<group>"; };
		43BBE8461756EEA000DDCF70 /* WireViewController.h */ = {isa = PBXFileReference; fileEncoding = 4; lastKnownFileType = sourcecode.c.h; path = WireViewController.h; sourceTree = "<group>"; };
		43BBE8471756EEA100DDCF70 /* WireViewController.m */ = {isa = PBXFileReference; fileEncoding = 4; lastKnownFileType = sourcecode.c.objc; path = WireViewController.m; sourceTree = "<group>"; };
		43BBE8491757038E00DDCF70 /* FirstWireViewController.h */ = {isa = PBXFileReference; fileEncoding = 4; lastKnownFileType = sourcecode.c.h; path = FirstWireViewController.h; sourceTree = "<group>"; };
		43BBE84A1757038E00DDCF70 /* FirstWireViewController.m */ = {isa = PBXFileReference; fileEncoding = 4; lastKnownFileType = sourcecode.c.objc; path = FirstWireViewController.m; sourceTree = "<group>"; };
		43BBE8521757137E00DDCF70 /* WiresFetcher.h */ = {isa = PBXFileReference; fileEncoding = 4; lastKnownFileType = sourcecode.c.h; name = WiresFetcher.h; path = Fetchers/WiresFetcher.h; sourceTree = "<group>"; };
		43BBE8531757137E00DDCF70 /* WiresFetcher.m */ = {isa = PBXFileReference; fileEncoding = 4; lastKnownFileType = sourcecode.c.objc; name = WiresFetcher.m; path = Fetchers/WiresFetcher.m; sourceTree = "<group>"; };
		43BBE8581759B40F00DDCF70 /* wire_active_2x.png */ = {isa = PBXFileReference; lastKnownFileType = image.png; path = wire_active_2x.png; sourceTree = "<group>"; };
		43BBE85D1759BB2400DDCF70 /* mainNavController.h */ = {isa = PBXFileReference; fileEncoding = 4; lastKnownFileType = sourcecode.c.h; path = mainNavController.h; sourceTree = "<group>"; };
		43BBE85E1759BB2400DDCF70 /* mainNavController.m */ = {isa = PBXFileReference; fileEncoding = 4; lastKnownFileType = sourcecode.c.objc; path = mainNavController.m; sourceTree = "<group>"; };
		43BBE863175DA12700DDCF70 /* ProfileViewController.h */ = {isa = PBXFileReference; fileEncoding = 4; lastKnownFileType = sourcecode.c.h; path = ProfileViewController.h; sourceTree = "<group>"; };
		43BBE864175DA12700DDCF70 /* ProfileViewController.m */ = {isa = PBXFileReference; fileEncoding = 4; lastKnownFileType = sourcecode.c.objc; path = ProfileViewController.m; sourceTree = "<group>"; };
		43BBE866175DA82C00DDCF70 /* profile_icon.png */ = {isa = PBXFileReference; lastKnownFileType = image.png; path = profile_icon.png; sourceTree = "<group>"; };
		43BBE86A1766901900DDCF70 /* composeWire.png */ = {isa = PBXFileReference; lastKnownFileType = image.png; path = composeWire.png; sourceTree = "<group>"; };
		DE12AD63177506230078672C /* Zuwire.xcdatamodel */ = {isa = PBXFileReference; lastKnownFileType = wrapper.xcdatamodel; path = Zuwire.xcdatamodel; sourceTree = "<group>"; };
		DE12AD681775085F0078672C /* Wire+Create.h */ = {isa = PBXFileReference; fileEncoding = 4; lastKnownFileType = sourcecode.c.h; path = "Wire+Create.h"; sourceTree = "<group>"; };
		DE12AD691775085F0078672C /* Wire+Create.m */ = {isa = PBXFileReference; fileEncoding = 4; lastKnownFileType = sourcecode.c.objc; path = "Wire+Create.m"; sourceTree = "<group>"; };
		DE12AD6B177515010078672C /* CoreDataTableViewController.h */ = {isa = PBXFileReference; fileEncoding = 4; lastKnownFileType = sourcecode.c.h; path = CoreDataTableViewController.h; sourceTree = "<group>"; };
		DE12AD6C177515010078672C /* CoreDataTableViewController.m */ = {isa = PBXFileReference; fileEncoding = 4; lastKnownFileType = sourcecode.c.objc; path = CoreDataTableViewController.m; sourceTree = "<group>"; };
		DE12AD6E177515890078672C /* WireCDTVC.h */ = {isa = PBXFileReference; fileEncoding = 4; lastKnownFileType = sourcecode.c.h; path = WireCDTVC.h; sourceTree = "<group>"; };
		DE12AD6F177515890078672C /* WireCDTVC.m */ = {isa = PBXFileReference; fileEncoding = 4; lastKnownFileType = sourcecode.c.objc; path = WireCDTVC.m; sourceTree = "<group>"; };
		DE12AD71177519560078672C /* LatestWireCDTVC.h */ = {isa = PBXFileReference; fileEncoding = 4; lastKnownFileType = sourcecode.c.h; path = LatestWireCDTVC.h; sourceTree = "<group>"; };
		DE12AD72177519560078672C /* LatestWireCDTVC.m */ = {isa = PBXFileReference; fileEncoding = 4; lastKnownFileType = sourcecode.c.objc; path = LatestWireCDTVC.m; sourceTree = "<group>"; };
		DE12AD7417751EBB0078672C /* CoreData.framework */ = {isa = PBXFileReference; lastKnownFileType = wrapper.framework; name = CoreData.framework; path = System/Library/Frameworks/CoreData.framework; sourceTree = SDKROOT; };
		DE12AD76177521970078672C /* Wire.h */ = {isa = PBXFileReference; fileEncoding = 4; lastKnownFileType = sourcecode.c.h; path = Wire.h; sourceTree = "<group>"; };
		DE12AD77177521970078672C /* Wire.m */ = {isa = PBXFileReference; fileEncoding = 4; lastKnownFileType = sourcecode.c.objc; path = Wire.m; sourceTree = "<group>"; };
/* End PBXFileReference section */

/* Begin PBXFrameworksBuildPhase section */
		43BBE81D1756EDBC00DDCF70 /* Frameworks */ = {
			isa = PBXFrameworksBuildPhase;
			buildActionMask = 2147483647;
			files = (
				DE12AD7517751EBB0078672C /* CoreData.framework in Frameworks */,
				43BBE8241756EDBC00DDCF70 /* UIKit.framework in Frameworks */,
				43BBE8261756EDBC00DDCF70 /* Foundation.framework in Frameworks */,
				43BBE8281756EDBC00DDCF70 /* CoreGraphics.framework in Frameworks */,
			);
			runOnlyForDeploymentPostprocessing = 0;
		};
/* End PBXFrameworksBuildPhase section */

/* Begin PBXGroup section */
		43BBE8171756EDBC00DDCF70 = {
			isa = PBXGroup;
			children = (
				43BBE8291756EDBC00DDCF70 /* ZuwireApp */,
				43BBE8221756EDBC00DDCF70 /* Frameworks */,
				43BBE8211756EDBC00DDCF70 /* Products */,
			);
			sourceTree = "<group>";
		};
		43BBE8211756EDBC00DDCF70 /* Products */ = {
			isa = PBXGroup;
			children = (
				43BBE8201756EDBC00DDCF70 /* ZuwireApp.app */,
			);
			name = Products;
			sourceTree = "<group>";
		};
		43BBE8221756EDBC00DDCF70 /* Frameworks */ = {
			isa = PBXGroup;
			children = (
				DE12AD7417751EBB0078672C /* CoreData.framework */,
				43BBE8231756EDBC00DDCF70 /* UIKit.framework */,
				43BBE8251756EDBC00DDCF70 /* Foundation.framework */,
				43BBE8271756EDBC00DDCF70 /* CoreGraphics.framework */,
			);
			name = Frameworks;
			sourceTree = "<group>";
		};
		43BBE8291756EDBC00DDCF70 /* ZuwireApp */ = {
			isa = PBXGroup;
			children = (
				43BBE85D1759BB2400DDCF70 /* mainNavController.h */,
				43BBE85E1759BB2400DDCF70 /* mainNavController.m */,
				43BBE866175DA82C00DDCF70 /* profile_icon.png */,
				43BBE86A1766901900DDCF70 /* composeWire.png */,
				43BBE8581759B40F00DDCF70 /* wire_active_2x.png */,
				43BBE83B1756EDBC00DDCF70 /* MainStoryboard.storyboard */,
				43BBE863175DA12700DDCF70 /* ProfileViewController.h */,
				43BBE864175DA12700DDCF70 /* ProfileViewController.m */,
				DE12AD6E177515890078672C /* WireCDTVC.h */,
				DE12AD6F177515890078672C /* WireCDTVC.m */,
				DE12AD71177519560078672C /* LatestWireCDTVC.h */,
				DE12AD72177519560078672C /* LatestWireCDTVC.m */,
				43BBE8521757137E00DDCF70 /* WiresFetcher.h */,
				43BBE8531757137E00DDCF70 /* WiresFetcher.m */,
				43BBE8461756EEA000DDCF70 /* WireViewController.h */,
				43BBE8471756EEA100DDCF70 /* WireViewController.m */,
				43BBE8491757038E00DDCF70 /* FirstWireViewController.h */,
				43BBE84A1757038E00DDCF70 /* FirstWireViewController.m */,
				DE12AD6B177515010078672C /* CoreDataTableViewController.h */,
				DE12AD6C177515010078672C /* CoreDataTableViewController.m */,
				43BBE82A1756EDBC00DDCF70 /* Supporting Files */,
				DE12AD76177521970078672C /* Wire.h */,
				DE12AD77177521970078672C /* Wire.m */,
				DE12AD62177506230078672C /* Zuwire.xcdatamodeld */,
				DE12AD681775085F0078672C /* Wire+Create.h */,
				DE12AD691775085F0078672C /* Wire+Create.m */,
			);
			path = ZuwireApp;
			sourceTree = "<group>";
		};
		43BBE82A1756EDBC00DDCF70 /* Supporting Files */ = {
			isa = PBXGroup;
			children = (
				43BBE8321756EDBC00DDCF70 /* AppDelegate.h */,
				43BBE8331756EDBC00DDCF70 /* AppDelegate.m */,
				43BBE82B1756EDBC00DDCF70 /* ZuwireApp-Info.plist */,
				43BBE82C1756EDBC00DDCF70 /* InfoPlist.strings */,
				43BBE82F1756EDBC00DDCF70 /* main.m */,
				43BBE8311756EDBC00DDCF70 /* ZuwireApp-Prefix.pch */,
				43BBE8351756EDBC00DDCF70 /* Default.png */,
				43BBE8371756EDBC00DDCF70 /* Default@2x.png */,
				43BBE8391756EDBC00DDCF70 /* Default-568h@2x.png */,
			);
			name = "Supporting Files";
			sourceTree = "<group>";
		};
/* End PBXGroup section */

/* Begin PBXNativeTarget section */
		43BBE81F1756EDBC00DDCF70 /* ZuwireApp */ = {
			isa = PBXNativeTarget;
			buildConfigurationList = 43BBE8431756EDBC00DDCF70 /* Build configuration list for PBXNativeTarget "ZuwireApp" */;
			buildPhases = (
				43BBE81C1756EDBC00DDCF70 /* Sources */,
				43BBE81D1756EDBC00DDCF70 /* Frameworks */,
				43BBE81E1756EDBC00DDCF70 /* Resources */,
			);
			buildRules = (
			);
			dependencies = (
			);
			name = ZuwireApp;
			productName = ZuwireApp;
			productReference = 43BBE8201756EDBC00DDCF70 /* ZuwireApp.app */;
			productType = "com.apple.product-type.application";
		};
/* End PBXNativeTarget section */

/* Begin PBXProject section */
		43BBE8181756EDBC00DDCF70 /* Project object */ = {
			isa = PBXProject;
			attributes = {
				LastUpgradeCheck = 0460;
				ORGANIZATIONNAME = CustomBit;
			};
			buildConfigurationList = 43BBE81B1756EDBC00DDCF70 /* Build configuration list for PBXProject "ZuwireApp" */;
			compatibilityVersion = "Xcode 3.2";
			developmentRegion = English;
			hasScannedForEncodings = 0;
			knownRegions = (
				en,
			);
			mainGroup = 43BBE8171756EDBC00DDCF70;
			productRefGroup = 43BBE8211756EDBC00DDCF70 /* Products */;
			projectDirPath = "";
			projectRoot = "";
			targets = (
				43BBE81F1756EDBC00DDCF70 /* ZuwireApp */,
			);
		};
/* End PBXProject section */

/* Begin PBXResourcesBuildPhase section */
		43BBE81E1756EDBC00DDCF70 /* Resources */ = {
			isa = PBXResourcesBuildPhase;
			buildActionMask = 2147483647;
			files = (
				43BBE82E1756EDBC00DDCF70 /* InfoPlist.strings in Resources */,
				43BBE8361756EDBC00DDCF70 /* Default.png in Resources */,
				43BBE8381756EDBC00DDCF70 /* Default@2x.png in Resources */,
				43BBE83A1756EDBC00DDCF70 /* Default-568h@2x.png in Resources */,
				43BBE83D1756EDBC00DDCF70 /* MainStoryboard.storyboard in Resources */,
				43BBE8591759B40F00DDCF70 /* wire_active_2x.png in Resources */,
				43BBE867175DA82C00DDCF70 /* profile_icon.png in Resources */,
				43BBE86B1766901900DDCF70 /* composeWire.png in Resources */,
			);
			runOnlyForDeploymentPostprocessing = 0;
		};
/* End PBXResourcesBuildPhase section */

/* Begin PBXSourcesBuildPhase section */
		43BBE81C1756EDBC00DDCF70 /* Sources */ = {
			isa = PBXSourcesBuildPhase;
			buildActionMask = 2147483647;
			files = (
				43BBE8301756EDBC00DDCF70 /* main.m in Sources */,
				43BBE8341756EDBC00DDCF70 /* AppDelegate.m in Sources */,
				43BBE8481756EEA100DDCF70 /* WireViewController.m in Sources */,
				43BBE84B1757038E00DDCF70 /* FirstWireViewController.m in Sources */,
				43BBE8541757137E00DDCF70 /* WiresFetcher.m in Sources */,
				43BBE85F1759BB2400DDCF70 /* mainNavController.m in Sources */,
				43BBE865175DA12700DDCF70 /* ProfileViewController.m in Sources */,
				DE12AD64177506230078672C /* Zuwire.xcdatamodeld in Sources */,
				DE12AD6A1775085F0078672C /* Wire+Create.m in Sources */,
				DE12AD6D177515010078672C /* CoreDataTableViewController.m in Sources */,
				DE12AD70177515890078672C /* WireCDTVC.m in Sources */,
				DE12AD73177519560078672C /* LatestWireCDTVC.m in Sources */,
				DE12AD78177521980078672C /* Wire.m in Sources */,
			);
			runOnlyForDeploymentPostprocessing = 0;
		};
/* End PBXSourcesBuildPhase section */

/* Begin PBXVariantGroup section */
		43BBE82C1756EDBC00DDCF70 /* InfoPlist.strings */ = {
			isa = PBXVariantGroup;
			children = (
				43BBE82D1756EDBC00DDCF70 /* en */,
			);
			name = InfoPlist.strings;
			sourceTree = "<group>";
		};
		43BBE83B1756EDBC00DDCF70 /* MainStoryboard.storyboard */ = {
			isa = PBXVariantGroup;
			children = (
				43BBE83C1756EDBC00DDCF70 /* en */,
			);
			name = MainStoryboard.storyboard;
			sourceTree = "<group>";
		};
/* End PBXVariantGroup section */

/* Begin XCBuildConfiguration section */
		43BBE8411756EDBC00DDCF70 /* Debug */ = {
			isa = XCBuildConfiguration;
			buildSettings = {
				ALWAYS_SEARCH_USER_PATHS = NO;
				CLANG_CXX_LANGUAGE_STANDARD = "gnu++0x";
				CLANG_CXX_LIBRARY = "libc++";
				CLANG_ENABLE_OBJC_ARC = YES;
				CLANG_WARN_CONSTANT_CONVERSION = YES;
				CLANG_WARN_EMPTY_BODY = YES;
				CLANG_WARN_ENUM_CONVERSION = YES;
				CLANG_WARN_INT_CONVERSION = YES;
				CLANG_WARN__DUPLICATE_METHOD_MATCH = YES;
				"CODE_SIGN_IDENTITY[sdk=iphoneos*]" = "iPhone Developer";
				COPY_PHASE_STRIP = NO;
				GCC_C_LANGUAGE_STANDARD = gnu99;
				GCC_DYNAMIC_NO_PIC = NO;
				GCC_OPTIMIZATION_LEVEL = 0;
				GCC_PREPROCESSOR_DEFINITIONS = (
					"DEBUG=1",
					"$(inherited)",
				);
				GCC_SYMBOLS_PRIVATE_EXTERN = NO;
				GCC_WARN_ABOUT_RETURN_TYPE = YES;
				GCC_WARN_UNINITIALIZED_AUTOS = YES;
				GCC_WARN_UNUSED_VARIABLE = YES;
				IPHONEOS_DEPLOYMENT_TARGET = 6.1;
				ONLY_ACTIVE_ARCH = YES;
				SDKROOT = iphoneos;
			};
			name = Debug;
		};
		43BBE8421756EDBC00DDCF70 /* Release */ = {
			isa = XCBuildConfiguration;
			buildSettings = {
				ALWAYS_SEARCH_USER_PATHS = NO;
				CLANG_CXX_LANGUAGE_STANDARD = "gnu++0x";
				CLANG_CXX_LIBRARY = "libc++";
				CLANG_ENABLE_OBJC_ARC = YES;
				CLANG_WARN_CONSTANT_CONVERSION = YES;
				CLANG_WARN_EMPTY_BODY = YES;
				CLANG_WARN_ENUM_CONVERSION = YES;
				CLANG_WARN_INT_CONVERSION = YES;
				CLANG_WARN__DUPLICATE_METHOD_MATCH = YES;
				"CODE_SIGN_IDENTITY[sdk=iphoneos*]" = "iPhone Developer";
				COPY_PHASE_STRIP = YES;
				GCC_C_LANGUAGE_STANDARD = gnu99;
				GCC_WARN_ABOUT_RETURN_TYPE = YES;
				GCC_WARN_UNINITIALIZED_AUTOS = YES;
				GCC_WARN_UNUSED_VARIABLE = YES;
				IPHONEOS_DEPLOYMENT_TARGET = 6.1;
				OTHER_CFLAGS = "-DNS_BLOCK_ASSERTIONS=1";
				SDKROOT = iphoneos;
				VALIDATE_PRODUCT = YES;
			};
			name = Release;
		};
		43BBE8441756EDBC00DDCF70 /* Debug */ = {
			isa = XCBuildConfiguration;
			buildSettings = {
				GCC_PRECOMPILE_PREFIX_HEADER = YES;
				GCC_PREFIX_HEADER = "ZuwireApp/ZuwireApp-Prefix.pch";
				INFOPLIST_FILE = "ZuwireApp/ZuwireApp-Info.plist";
				PRODUCT_NAME = "$(TARGET_NAME)";
				WRAPPER_EXTENSION = app;
			};
			name = Debug;
		};
		43BBE8451756EDBC00DDCF70 /* Release */ = {
			isa = XCBuildConfiguration;
			buildSettings = {
				GCC_PRECOMPILE_PREFIX_HEADER = YES;
				GCC_PREFIX_HEADER = "ZuwireApp/ZuwireApp-Prefix.pch";
				INFOPLIST_FILE = "ZuwireApp/ZuwireApp-Info.plist";
				PRODUCT_NAME = "$(TARGET_NAME)";
				WRAPPER_EXTENSION = app;
			};
			name = Release;
		};
/* End XCBuildConfiguration section */

/* Begin XCConfigurationList section */
		43BBE81B1756EDBC00DDCF70 /* Build configuration list for PBXProject "ZuwireApp" */ = {
			isa = XCConfigurationList;
			buildConfigurations = (
				43BBE8411756EDBC00DDCF70 /* Debug */,
				43BBE8421756EDBC00DDCF70 /* Release */,
			);
			defaultConfigurationIsVisible = 0;
			defaultConfigurationName = Release;
		};
		43BBE8431756EDBC00DDCF70 /* Build configuration list for PBXNativeTarget "ZuwireApp" */ = {
			isa = XCConfigurationList;
			buildConfigurations = (
				43BBE8441756EDBC00DDCF70 /* Debug */,
				43BBE8451756EDBC00DDCF70 /* Release */,
			);
			defaultConfigurationIsVisible = 0;
			defaultConfigurationName = Release;
		};
/* End XCConfigurationList section */

/* Begin XCVersionGroup section */
		DE12AD62177506230078672C /* Zuwire.xcdatamodeld */ = {
			isa = XCVersionGroup;
			children = (
				DE12AD63177506230078672C /* Zuwire.xcdatamodel */,
			);
			currentVersion = DE12AD63177506230078672C /* Zuwire.xcdatamodel */;
			path = Zuwire.xcdatamodeld;
			sourceTree = "<group>";
			versionGroupType = wrapper.xcdatamodel;
		};
/* End XCVersionGroup section */
	};
	rootObject = 43BBE8181756EDBC00DDCF70 /* Project object */;
}
